
Microsoft Visual Studio Solution File, Format Version 12.00
# Visual Studio Version 16
VisualStudioVersion = 16.0.29123.88
MinimumVisualStudioVersion = 10.0.40219.1
Project("{FAE04EC0-301F-11D3-BF4B-00C04F79EFBC}") = "DarkRiftLibrary-MLAPI-Test-Server", "DarkRiftLibrary-MLAPI-Test-Server\DarkRiftLibrary-MLAPI-Test-Server.csproj", "{ABF9036D-E9D6-4F25-9D17-D15AD09F70C8}"
EndProject
Global
	GlobalSection(SolutionConfigurationPlatforms) = preSolution
		Debug|Any CPU = Debug|Any CPU
		Release|Any CPU = Release|Any CPU
	EndGlobalSection
	GlobalSection(ProjectConfigurationPlatforms) = postSolution
		{ABF9036D-E9D6-4F25-9D17-D15AD09F70C8}.Debug|Any CPU.ActiveCfg = Debug|Any CPU
		{ABF9036D-E9D6-4F25-9D17-D15AD09F70C8}.Debug|Any CPU.Build.0 = Debug|Any CPU
		{ABF9036D-E9D6-4F25-9D17-D15AD09F70C8}.Release|Any CPU.ActiveCfg = Release|Any CPU
		{ABF9036D-E9D6-4F25-9D17-D15AD09F70C8}.Release|Any CPU.Build.0 = Release|Any CPU
	EndGlobalSection
	GlobalSection(SolutionProperties) = preSolution
		HideSolutionNode = FALSE
	EndGlobalSection
	GlobalSection(ExtensibilityGlobals) = postSolution
		SolutionGuid = {12A9D09A-935F-42FB-A4C1-AFC6B68449E0}
	EndGlobalSection
EndGlobal
