
Microsoft Visual Studio Solution File, Format Version 12.00
# Visual Studio Version 16
VisualStudioVersion = 16.0.29123.88
MinimumVisualStudioVersion = 10.0.40219.1
Project("{FAE04EC0-301F-11D3-BF4B-00C04F79EFBC}") = "DarkRiftLibrary-MLAPI", "DarkRiftLibrary-MLAPI\DarkRiftLibrary-MLAPI.csproj", "{F00A2A4B-04DD-4114-BD38-F7BD363C29D5}"
EndProject
Global
	GlobalSection(SolutionConfigurationPlatforms) = preSolution
		Debug|Any CPU = Debug|Any CPU
		Release|Any CPU = Release|Any CPU
	EndGlobalSection
	GlobalSection(ProjectConfigurationPlatforms) = postSolution
		{F00A2A4B-04DD-4114-BD38-F7BD363C29D5}.Debug|Any CPU.ActiveCfg = Debug|Any CPU
		{F00A2A4B-04DD-4114-BD38-F7BD363C29D5}.Debug|Any CPU.Build.0 = Debug|Any CPU
		{F00A2A4B-04DD-4114-BD38-F7BD363C29D5}.Release|Any CPU.ActiveCfg = Release|Any CPU
		{F00A2A4B-04DD-4114-BD38-F7BD363C29D5}.Release|Any CPU.Build.0 = Release|Any CPU
	EndGlobalSection
	GlobalSection(SolutionProperties) = preSolution
		HideSolutionNode = FALSE
	EndGlobalSection
	GlobalSection(ExtensibilityGlobals) = postSolution
		SolutionGuid = {92A39A56-EA7B-406B-BEDA-673CE6AFBCF9}
	EndGlobalSection
EndGlobal
